{
  "name": "@funnelbarn/replay",
  "version": "0.1.0",
  "lockfileVersion": 3,
  "requires": true,
  "packages": {
    "": {
      "name": "@funnelbarn/replay",
      "version": "0.1.0",
      "dependencies": {
        "playwright": "^1.49.0",
        "rrweb-player": "^1.0.0-alpha.4"
      },
      "bin": {
        "funnelbarn-replay": "dist/cli.js"
      },
      "devDependencies": {
        "@types/node": "^22.0.0",
        "typescript": "^5.6.0"
      },
      "engines": {
        "node": ">=18"
      }
    },
    "node_modules/@rrweb/types": {
      "version": "2.0.1",
      "resolved": "https://registry.npmjs.org/@rrweb/types/-/types-2.0.1.tgz",
      "integrity": "sha512-x8cNaKFxdvS0/5IfKOj1xG8Htnw1fUwqoPqgP61bOaWqZL6t9UtRPpO9ZlMB2z+FiTxg9zlFFL+Da4ZpFuhoiA==",
      "license": "MIT"
    },
    "node_modules/@rrweb/utils": {
      "version": "2.0.1",
      "resolved": "https://registry.npmjs.org/@rrweb/utils/-/utils-2.0.1.tgz",
      "integrity": "sha512-t+b+4rB23/e4EpoGMdPUr6cKtDsFuOb3LxA9IHE8e3A/Xo0nMUfH0bkwqdpUNa/VGDOdiGeG3bhHjuO9zWX54g==",
      "license": "MIT"
    },
    "node_modules/@tsconfig/svelte": {
      "version": "1.0.13",
      "resolved": "https://registry.npmjs.org/@tsconfig/svelte/-/svelte-1.0.13.tgz",
      "integrity": "sha512-5lYJP45Xllo4yE/RUBccBT32eBlRDbqN8r1/MIvQbKxW3aFqaYPCNgm8D5V20X4ShHcwvYWNlKg3liDh1MlBoA==",
      "license": "MIT"
    },
    "node_modules/@types/css-font-loading-module": {
      "version": "0.0.7",
      "resolved": "https://registry.npmjs.org/@types/css-font-loading-module/-/css-font-loading-module-0.0.7.tgz",
      "integrity": "sha512-nl09VhutdjINdWyXxHWN/w9zlNCfr60JUqJbd24YXUuCwgeL0TpFSdElCwb6cxfB6ybE19Gjj4g0jsgkXxKv1Q==",
      "license": "MIT"
    },
    "node_modules/@types/node": {
      "version": "22.19.21",
      "resolved": "https://registry.npmjs.org/@types/node/-/node-22.19.21.tgz",
      "integrity": "sha512-VMeFBSCKQKmm2swI2kW51SFusDqekC6q9trBCvJ/JliDchFSuoYYKN7yVNjPthP1HKZcx3U1gI/wTcEBjEFKTA==",
      "dev": true,
      "license": "MIT",
      "dependencies": {
        "undici-types": "~6.21.0"
      }
    },
    "node_modules/@xstate/fsm": {
      "version": "1.6.5",
      "resolved": "https://registry.npmjs.org/@xstate/fsm/-/fsm-1.6.5.tgz",
      "integrity": "sha512-b5o1I6aLNeYlU/3CPlj/Z91ybk1gUsKT+5NAJI+2W4UjvS5KLG28K9v5UvNoFVjHV8PajVZ00RH3vnjyQO7ZAw==",
      "license": "MIT"
    },
    "node_modules/base64-arraybuffer": {
      "version": "1.0.2",
      "resolved": "https://registry.npmjs.org/base64-arraybuffer/-/base64-arraybuffer-1.0.2.tgz",
      "integrity": "sha512-I3yl4r9QB5ZRY3XuJVEPfc2XhZO6YweFPI+UovAzn+8/hb3oJ6lnysaFcjVpkCPfVWFUDvoZ8kmVDP7WyRtYtQ==",
      "license": "MIT",
      "engines": {
        "node": ">= 0.6.0"
      }
    },
    "node_modules/fsevents": {
      "version": "2.3.2",
      "resolved": "https://registry.npmjs.org/fsevents/-/fsevents-2.3.2.tgz",
      "integrity": "sha512-xiqMQR4xAeHTuB9uWm+fFRcIOgKBMiOBP+eXiyT7jsgVCq1bkVygt00oASowB7EdtpOHaaPgKt812P9ab+DDKA==",
      "hasInstallScript": true,
      "license": "MIT",
      "optional": true,
      "os": [
        "darwin"
      ],
      "engines": {
        "node": "^8.16.0 || ^10.6.0 || >=11.0.0"
      }
    },
    "node_modules/mitt": {
      "version": "3.0.1",
      "resolved": "https://registry.npmjs.org/mitt/-/mitt-3.0.1.tgz",
      "integrity": "sha512-vKivATfr97l2/QBCYAkXYDbrIWPM2IIKEl7YPhjCvKlG3kE2gm+uBo6nEXK3M5/Ffh/FLpKExzOQ3JJoJGFKBw==",
      "license": "MIT"
    },
    "node_modules/nanoid": {
      "version": "3.3.12",
      "resolved": "https://registry.npmjs.org/nanoid/-/nanoid-3.3.12.tgz",
      "integrity": "sha512-ZB9RH/39qpq5Vu6Y+NmUaFhQR6pp+M2Xt76XBnEwDaGcVAqhlvxrl3B2bKS5D3NH3QR76v3aSrKaF/Kiy7lEtQ==",
      "funding": [
        {
          "type": "github",
          "url": "https://github.com/sponsors/ai"
        }
      ],
      "license": "MIT",
      "bin": {
        "nanoid": "bin/nanoid.cjs"
      },
      "engines": {
        "node": "^10 || ^12 || ^13.7 || ^14 || >=15.0.1"
      }
    },
    "node_modules/picocolors": {
      "version": "1.1.1",
      "resolved": "https://registry.npmjs.org/picocolors/-/picocolors-1.1.1.tgz",
      "integrity": "sha512-xceH2snhtb5M9liqDsmEw56le376mTZkEX/jEb/RxNFyegNul7eNslCXP9FDj/Lcu0X8KEyMceP2ntpaHrDEVA==",
      "license": "ISC"
    },
    "node_modules/playwright": {
      "version": "1.61.0",
      "resolved": "https://registry.npmjs.org/playwright/-/playwright-1.61.0.tgz",
      "integrity": "sha512-Z+7BeeqQPRRzklHsVFP4KTGIyMxKUmfeRA4WisM6G3/XW6nwGeX6fX9qYaDa+CiUqpOkb2f6X3nar05R3kSuJQ==",
      "license": "Apache-2.0",
      "dependencies": {
        "playwright-core": "1.61.0"
      },
      "bin": {
        "playwright": "cli.js"
      },
      "engines": {
        "node": ">=18"
      },
      "optionalDependencies": {
        "fsevents": "2.3.2"
      }
    },
    "node_modules/playwright-core": {
      "version": "1.61.0",
      "resolved": "https://registry.npmjs.org/playwright-core/-/playwright-core-1.61.0.tgz",
      "integrity": "sha512-caX7TrY3Ml6egyDX0WUcTHDxodl/b51y5wJOdCEA36QviK/s2g081hvmGs8eaE3DWb6NYZQ6BjO/QkNRPenoPA==",
      "license": "Apache-2.0",
      "bin": {
        "playwright-core": "cli.js"
      },
      "engines": {
        "node": ">=18"
      }
    },
    "node_modules/postcss": {
      "version": "8.5.15",
      "resolved": "https://registry.npmjs.org/postcss/-/postcss-8.5.15.tgz",
      "integrity": "sha512-FfR8sjd4em2T6fb3I2MwAJU7HWVMr9zba+enmQeeWFfCbm+UOC/0X4DS8XtpUTMwWMGbjKYP7xjfNekzyGmB3A==",
      "funding": [
        {
          "type": "opencollective",
          "url": "https://opencollective.com/postcss/"
        },
        {
          "type": "tidelift",
          "url": "https://tidelift.com/funding/github/npm/postcss"
        },
        {
          "type": "github",
          "url": "https://github.com/sponsors/ai"
        }
      ],
      "license": "MIT",
      "dependencies": {
        "nanoid": "^3.3.12",
        "picocolors": "^1.1.1",
        "source-map-js": "^1.2.1"
      },
      "engines": {
        "node": "^10 || ^12 || >=14"
      }
    },
    "node_modules/rrdom": {
      "version": "2.0.1",
      "resolved": "https://registry.npmjs.org/rrdom/-/rrdom-2.0.1.tgz",
      "integrity": "sha512-z8GdQWFmVfa8GpcGkAqfBXseb89z0ciTPSBkID0qr0i6KHCye1MdQ4VoXFf0Ejp3ELe/c7AObu4zsbSbMT+hiw==",
      "license": "MIT",
      "dependencies": {
        "rrweb-snapshot": "^2.0.1"
      }
    },
    "node_modules/rrweb": {
      "version": "2.0.1",
      "resolved": "https://registry.npmjs.org/rrweb/-/rrweb-2.0.1.tgz",
      "integrity": "sha512-MQYzOtI7aZft9ffDMT6rmRSAj6hO4W6T7iA4eB9Mtcuiv3M7DbnnxDMrcPW0sQXepgYN46YhfSKe75d/mlUHrQ==",
      "license": "MIT",
      "dependencies": {
        "@rrweb/types": "^2.0.1",
        "@rrweb/utils": "^2.0.1",
        "@types/css-font-loading-module": "0.0.7",
        "@xstate/fsm": "^1.4.0",
        "base64-arraybuffer": "^1.0.1",
        "mitt": "^3.0.0",
        "rrdom": "^2.0.1",
        "rrweb-snapshot": "^2.0.1"
      }
    },
    "node_modules/rrweb-player": {
      "version": "1.0.0-alpha.4",
      "resolved": "https://registry.npmjs.org/rrweb-player/-/rrweb-player-1.0.0-alpha.4.tgz",
      "integrity": "sha512-Wlmn9GZ5Fdqa37vd3TzsYdLl/JWEvXNUrLCrYpnOwEgmY409HwVIvvA5aIo7k582LoKgdRCsB87N+f0oWAR0Kg==",
      "license": "MIT",
      "dependencies": {
        "@tsconfig/svelte": "^1.0.0",
        "rrweb": "^2.0.0-alpha.4"
      }
    },
    "node_modules/rrweb-snapshot": {
      "version": "2.0.1",
      "resolved": "https://registry.npmjs.org/rrweb-snapshot/-/rrweb-snapshot-2.0.1.tgz",
      "integrity": "sha512-H8TA29ct2tpYtr5oaB0N+ksRY9bhEErfAYcKbce4+w8lqEUQChpKZd41HpBJLkp04b5QUfWUg4v6r9Okf8r7vA==",
      "license": "MIT",
      "dependencies": {
        "postcss": "^8.4.38"
      }
    },
    "node_modules/source-map-js": {
      "version": "1.2.1",
      "resolved": "https://registry.npmjs.org/source-map-js/-/source-map-js-1.2.1.tgz",
      "integrity": "sha512-UXWMKhLOwVKb728IUtQPXxfYU+usdybtUrK/8uGE8CQMvrhOpwvzDBwj0QhSL7MQc7vIsISBG8VQ8+IDQxpfQA==",
      "license": "BSD-3-Clause",
      "engines": {
        "node": ">=0.10.0"
      }
    },
    "node_modules/typescript": {
      "version": "5.9.3",
      "resolved": "https://registry.npmjs.org/typescript/-/typescript-5.9.3.tgz",
      "integrity": "sha512-jl1vZzPDinLr9eUt3J/t7V6FgNEw9QjvBPdysz9KfQDD41fQrC2Y4vKQdiaUpFT4bXlb1RHhLpp8wtm6M5TgSw==",
      "dev": true,
      "license": "Apache-2.0",
      "bin": {
        "tsc": "bin/tsc",
        "tsserver": "bin/tsserver"
      },
      "engines": {
        "node": ">=14.17"
      }
    },
    "node_modules/undici-types": {
      "version": "6.21.0",
      "resolved": "https://registry.npmjs.org/undici-types/-/undici-types-6.21.0.tgz",
      "integrity": "sha512-iwDZqg0QAGrg9Rav5H4n0M64c3mkR59cJ6wQp+7C4nI0gsmExaedaYLNO44eT4AtBBwjbTiGPMlt2Md0T9H9JQ==",
      "dev": true,
      "license": "MIT"
    }
  }
}
